
Microsoft Visual Studio Solution File, Format Version 12.00
# Visual Studio Version 17
VisualStudioVersion = 17.13.35806.99 d17.13
MinimumVisualStudioVersion = 10.0.40219.1
Project("{FAE04EC0-301F-11D3-BF4B-00C04F79EFBC}") = "Calculator of simple fraction", "Calculator of simple fraction\Calculator of simple fraction.csproj", "{602B7BFF-9924-474E-8C80-9EF0DA2AED3A}"
EndProject
Global
	GlobalSection(SolutionConfigurationPlatforms) = preSolution
		Debug|Any CPU = Debug|Any CPU
		Release|Any CPU = Release|Any CPU
	EndGlobalSection
	GlobalSection(ProjectConfigurationPlatforms) = postSolution
		{602B7BFF-9924-474E-8C80-9EF0DA2AED3A}.Debug|Any CPU.ActiveCfg = Debug|Any CPU
		{602B7BFF-9924-474E-8C80-9EF0DA2AED3A}.Debug|Any CPU.Build.0 = Debug|Any CPU
		{602B7BFF-9924-474E-8C80-9EF0DA2AED3A}.Release|Any CPU.ActiveCfg = Release|Any CPU
		{602B7BFF-9924-474E-8C80-9EF0DA2AED3A}.Release|Any CPU.Build.0 = Release|Any CPU
	EndGlobalSection
	GlobalSection(SolutionProperties) = preSolution
		HideSolutionNode = FALSE
	EndGlobalSection
	GlobalSection(ExtensibilityGlobals) = postSolution
		SolutionGuid = {3776D825-18B3-4BB4-83D6-EA38A659CB55}
	EndGlobalSection
EndGlobal
